{
  "name": "xmlbuilder2-performance",
  "version": "1.0.0",
  "lockfileVersion": 3,
  "requires": true,
  "packages": {
    "": {
      "name": "xmlbuilder2-performance",
      "version": "1.0.0",
      "devDependencies": {
        "mitata": "^1.0.34",
        "xmlbuilder": "^15.1.1"
      }
    },
    "node_modules/mitata": {
      "version": "1.0.34",
      "resolved": "https://registry.npmjs.org/mitata/-/mitata-1.0.34.tgz",
      "integrity": "sha512-Mc3zrtNBKIMeHSCQ0XqRLo1vbdIx1wvFV9c8NJAiyho6AjNfMY8bVhbS12bwciUdd1t4rj8099CH3N3NFahaUA==",
      "dev": true,
      "license": "MIT"
    },
    "node_modules/xmlbuilder": {
      "version": "15.1.1",
      "resolved": "https://registry.npmjs.org/xmlbuilder/-/xmlbuilder-15.1.1.tgz",
      "integrity": "sha512-yMqGBqtXyeN1e3TGYvgNgDVZ3j84W4cwkOXQswghol6APgZWaff9lnbvN7MHYJOiXsvGPXtjTYJEiC9J2wv9Eg==",
      "dev": true,
      "license": "MIT",
      "engines": {
        "node": ">=8.0"
      }
    }
  }
}
